// !$*UTF8*$!
{
	archiveVersion = 1;
	classes = {
	};
	objectVersion = 46;
	objects = {

/* Begin PBXBuildFile section */
		A238F9B21D8FC0BD00B133DC /* RandomCodes.plist in Resources */ = {isa = PBXBuildFile; fileRef = A238F9B11D8FC0BD00B133DC /* RandomCodes.plist */; };
		A2A4D4F31D8EE5140058DAB9 /* main.m in Sources */ = {isa = PBXBuildFile; fileRef = A2A4D4F21D8EE5140058DAB9 /* main.m */; };
		A2A4D4F61D8EE5140058DAB9 /* AppDelegate.m in Sources */ = {isa = PBXBuildFile; fileRef = A2A4D4F51D8EE5140058DAB9 /* AppDelegate.m */; };
		A2A4D4F91D8EE5140058DAB9 /* ViewController.m in Sources */ = {isa = PBXBuildFile; fileRef = A2A4D4F81D8EE5140058DAB9 /* ViewController.m */; };
		A2A4D4FC1D8EE5140058DAB9 /* Main.storyboard in Resources */ = {isa = PBXBuildFile; fileRef = A2A4D4FA1D8EE5140058DAB9 /* Main.storyboard */; };
		A2A4D4FE1D8EE5140058DAB9 /* Assets.xcassets in Resources */ = {isa = PBXBuildFile; fileRef = A2A4D4FD1D8EE5140058DAB9 /* Assets.xcassets */; };
		A2A4D5011D8EE5140058DAB9 /* LaunchScreen.storyboard in Resources */ = {isa = PBXBuildFile; fileRef = A2A4D4FF1D8EE5140058DAB9 /* LaunchScreen.storyboard */; };
		A2A4D50B1D8EE9A50058DAB9 /* YYRandomCodes.m in Sources */ = {isa = PBXBuildFile; fileRef = A2A4D50A1D8EE9A50058DAB9 /* YYRandomCodes.m */; };
/* End PBXBuildFile section */

/* Begin PBXFileReference section */
		A238F9B11D8FC0BD00B133DC /* RandomCodes.plist */ = {isa = PBXFileReference; fileEncoding = 4; lastKnownFileType = text.plist.xml; path = RandomCodes.plist; sourceTree = "<group>"; };
		A2A4D4EE1D8EE5140058DAB9 /* iOS-RandomCodes-demo.app */ = {isa = PBXFileReference; explicitFileType = wrapper.application; includeInIndex = 0; path = "iOS-RandomCodes-demo.app"; sourceTree = BUILT_PRODUCTS_DIR; };
		A2A4D4F21D8EE5140058DAB9 /* main.m */ = {isa = PBXFileReference; lastKnownFileType = sourcecode.c.objc; path = main.m; sourceTree = "<group>"; };
		A2A4D4F41D8EE5140058DAB9 /* AppDelegate.h */ = {isa = PBXFileReference; lastKnownFileType = sourcecode.c.h; path = AppDelegate.h; sourceTree = "<group>"; };
		A2A4D4F51D8EE5140058DAB9 /* AppDelegate.m */ = {isa = PBXFileReference; lastKnownFileType = sourcecode.c.objc; path = AppDelegate.m; sourceTree = "<group>"; };
		A2A4D4F71D8EE5140058DAB9 /* ViewController.h */ = {isa = PBXFileReference; lastKnownFileType = sourcecode.c.h; path = ViewController.h; sourceTree = "<group>"; };
		A2A4D4F81D8EE5140058DAB9 /* ViewController.m */ = {isa = PBXFileReference; lastKnownFileType = sourcecode.c.objc; path = ViewController.m; sourceTree = "<group>"; };
		A2A4D4FB1D8EE5140058DAB9 /* Base */ = {isa = PBXFileReference; lastKnownFileType = file.storyboard; name = Base; path = Base.lproj/Main.storyboard; sourceTree = "<group>"; };
		A2A4D4FD1D8EE5140058DAB9 /* Assets.xcassets */ = {isa = PBXFileReference; lastKnownFileType = folder.assetcatalog; path = Assets.xcassets; sourceTree = "<group>"; };
		A2A4D5001D8EE5140058DAB9 /* Base */ = {isa = PBXFileReference; lastKnownFileType = file.storyboard; name = Base; path = Base.lproj/LaunchScreen.storyboard; sourceTree = "<group>"; };
		A2A4D5021D8EE5140058DAB9 /* Info.plist */ = {isa = PBXFileReference; lastKnownFileType = text.plist.xml; path = Info.plist; sourceTree = "<group>"; };
		A2A4D5091D8EE9A50058DAB9 /* YYRandomCodes.h */ = {isa = PBXFileReference; fileEncoding = 4; lastKnownFileType = sourcecode.c.h; path = YYRandomCodes.h; sourceTree = "<group>"; };
		A2A4D50A1D8EE9A50058DAB9 /* YYRandomCodes.m */ = {isa = PBXFileReference; fileEncoding = 4; lastKnownFileType = sourcecode.c.objc; path = YYRandomCodes.m; sourceTree = "<group>"; };
/* End PBXFileReference section */

/* Begin PBXFrameworksBuildPhase section */
		A2A4D4EB1D8EE5140058DAB9 /* Frameworks */ = {
			isa = PBXFrameworksBuildPhase;
			buildActionMask = 2147483647;
			files = (
			);
			runOnlyForDeploymentPostprocessing = 0;
		};
/* End PBXFrameworksBuildPhase section */

/* Begin PBXGroup section */
		A2A4D4E51D8EE5140058DAB9 = {
			isa = PBXGroup;
			children = (
				A2A4D4F01D8EE5140058DAB9 /* iOS-RandomCodes-demo */,
				A2A4D4EF1D8EE5140058DAB9 /* Products */,
			);
			sourceTree = "<group>";
		};
		A2A4D4EF1D8EE5140058DAB9 /* Products */ = {
			isa = PBXGroup;
			children = (
				A2A4D4EE1D8EE5140058DAB9 /* iOS-RandomCodes-demo.app */,
			);
			name = Products;
			sourceTree = "<group>";
		};
		A2A4D4F01D8EE5140058DAB9 /* iOS-RandomCodes-demo */ = {
			isa = PBXGroup;
			children = (
				A2A4D5081D8EE98B0058DAB9 /* YYRandomCodes */,
				A2A4D4F41D8EE5140058DAB9 /* AppDelegate.h */,
				A2A4D4F51D8EE5140058DAB9 /* AppDelegate.m */,
				A2A4D4F71D8EE5140058DAB9 /* ViewController.h */,
				A2A4D4F81D8EE5140058DAB9 /* ViewController.m */,
				A2A4D4FA1D8EE5140058DAB9 /* Main.storyboard */,
				A2A4D4FD1D8EE5140058DAB9 /* Assets.xcassets */,
				A2A4D4FF1D8EE5140058DAB9 /* LaunchScreen.storyboard */,
				A2A4D5021D8EE5140058DAB9 /* Info.plist */,
				A2A4D4F11D8EE5140058DAB9 /* Supporting Files */,
			);
			path = "iOS-RandomCodes-demo";
			sourceTree = "<group>";
		};
		A2A4D4F11D8EE5140058DAB9 /* Supporting Files */ = {
			isa = PBXGroup;
			children = (
				A2A4D4F21D8EE5140058DAB9 /* main.m */,
			);
			name = "Supporting Files";
			sourceTree = "<group>";
		};
		A2A4D5081D8EE98B0058DAB9 /* YYRandomCodes */ = {
			isa = PBXGroup;
			children = (
				A238F9B11D8FC0BD00B133DC /* RandomCodes.plist */,
				A2A4D5091D8EE9A50058DAB9 /* YYRandomCodes.h */,
				A2A4D50A1D8EE9A50058DAB9 /* YYRandomCodes.m */,
			);
			path = YYRandomCodes;
			sourceTree = "<group>";
		};
/* End PBXGroup section */

/* Begin PBXNativeTarget section */
		A2A4D4ED1D8EE5140058DAB9 /* iOS-RandomCodes-demo */ = {
			isa = PBXNativeTarget;
			buildConfigurationList = A2A4D5051D8EE5140058DAB9 /* Build configuration list for PBXNativeTarget "iOS-RandomCodes-demo" */;
			buildPhases = (
				A2A4D4EA1D8EE5140058DAB9 /* Sources */,
				A2A4D4EB1D8EE5140058DAB9 /* Frameworks */,
				A2A4D4EC1D8EE5140058DAB9 /* Resources */,
			);
			buildRules = (
			);
			dependencies = (
			);
			name = "iOS-RandomCodes-demo";
			productName = "iOS-RandomCodes-demo";
			productReference = A2A4D4EE1D8EE5140058DAB9 /* iOS-RandomCodes-demo.app */;
			productType = "com.apple.product-type.application";
		};
/* End PBXNativeTarget section */

/* Begin PBXProject section */
		A2A4D4E61D8EE5140058DAB9 /* Project object */ = {
			isa = PBXProject;
			attributes = {
				LastUpgradeCheck = 0730;
				ORGANIZATIONNAME = Arvin;
				TargetAttributes = {
					A2A4D4ED1D8EE5140058DAB9 = {
						CreatedOnToolsVersion = 7.3.1;
					};
				};
			};
			buildConfigurationList = A2A4D4E91D8EE5140058DAB9 /* Build configuration list for PBXProject "iOS-RandomCodes-demo" */;
			compatibilityVersion = "Xcode 3.2";
			developmentRegion = English;
			hasScannedForEncodings = 0;
			knownRegions = (
				en,
				Base,
			);
			mainGroup = A2A4D4E51D8EE5140058DAB9;
			productRefGroup = A2A4D4EF1D8EE5140058DAB9 /* Products */;
			projectDirPath = "";
			projectRoot = "";
			targets = (
				A2A4D4ED1D8EE5140058DAB9 /* iOS-RandomCodes-demo */,
			);
		};
/* End PBXProject section */

/* Begin PBXResourcesBuildPhase section */
		A2A4D4EC1D8EE5140058DAB9 /* Resources */ = {
			isa = PBXResourcesBuildPhase;
			buildActionMask = 2147483647;
			files = (
				A2A4D5011D8EE5140058DAB9 /* LaunchScreen.storyboard in Resources */,
				A2A4D4FE1D8EE5140058DAB9 /* Assets.xcassets in Resources */,
				A238F9B21D8FC0BD00B133DC /* RandomCodes.plist in Resources */,
				A2A4D4FC1D8EE5140058DAB9 /* Main.storyboard in Resources */,
			);
			runOnlyForDeploymentPostprocessing = 0;
		};
/* End PBXResourcesBuildPhase section */

/* Begin PBXSourcesBuildPhase section */
		A2A4D4EA1D8EE5140058DAB9 /* Sources */ = {
			isa = PBXSourcesBuildPhase;
			buildActionMask = 2147483647;
			files = (
				A2A4D4F91D8EE5140058DAB9 /* ViewController.m in Sources */,
				A2A4D4F61D8EE5140058DAB9 /* AppDelegate.m in Sources */,
				A2A4D4F31D8EE5140058DAB9 /* main.m in Sources */,
				A2A4D50B1D8EE9A50058DAB9 /* YYRandomCodes.m in Sources */,
			);
			runOnlyForDeploymentPostprocessing = 0;
		};
/* End PBXSourcesBuildPhase section */

/* Begin PBXVariantGroup section */
		A2A4D4FA1D8EE5140058DAB9 /* Main.storyboard */ = {
			isa = PBXVariantGroup;
			children = (
				A2A4D4FB1D8EE5140058DAB9 /* Base */,
			);
			name = Main.storyboard;
			sourceTree = "<group>";
		};
		A2A4D4FF1D8EE5140058DAB9 /* LaunchScreen.storyboard */ = {
			isa = PBXVariantGroup;
			children = (
				A2A4D5001D8EE5140058DAB9 /* Base */,
			);
			name = LaunchScreen.storyboard;
			sourceTree = "<group>";
		};
/* End PBXVariantGroup section */

/* Begin XCBuildConfiguration section */
		A2A4D5031D8EE5140058DAB9 /* Debug */ = {
			isa = XCBuildConfiguration;
			buildSettings = {
				ALWAYS_SEARCH_USER_PATHS = NO;
				CLANG_ANALYZER_NONNULL = YES;
				CLANG_CXX_LANGUAGE_STANDARD = "gnu++0x";
				CLANG_CXX_LIBRARY = "libc++";
				CLANG_ENABLE_MODULES = YES;
				CLANG_ENABLE_OBJC_ARC = YES;
				CLANG_WARN_BOOL_CONVERSION = YES;
				CLANG_WARN_CONSTANT_CONVERSION = YES;
				CLANG_WARN_DIRECT_OBJC_ISA_USAGE = YES_ERROR;
				CLANG_WARN_EMPTY_BODY = YES;
				CLANG_WARN_ENUM_CONVERSION = YES;
				CLANG_WARN_INT_CONVERSION = YES;
				CLANG_WARN_OBJC_ROOT_CLASS = YES_ERROR;
				CLANG_WARN_UNREACHABLE_CODE = YES;
				CLANG_WARN__DUPLICATE_METHOD_MATCH = YES;
				"CODE_SIGN_IDENTITY[sdk=iphoneos*]" = "iPhone Developer";
				COPY_PHASE_STRIP = NO;
				DEBUG_INFORMATION_FORMAT = dwarf;
				ENABLE_STRICT_OBJC_MSGSEND = YES;
				ENABLE_TESTABILITY = YES;
				GCC_C_LANGUAGE_STANDARD = gnu99;
				GCC_DYNAMIC_NO_PIC = NO;
				GCC_NO_COMMON_BLOCKS = YES;
				GCC_OPTIMIZATION_LEVEL = 0;
				GCC_PREPROCESSOR_DEFINITIONS = (
					"DEBUG=1",
					"$(inherited)",
				);
				GCC_WARN_64_TO_32_BIT_CONVERSION = YES;
				GCC_WARN_ABOUT_RETURN_TYPE = YES_ERROR;
				GCC_WARN_UNDECLARED_SELECTOR = YES;
				GCC_WARN_UNINITIALIZED_AUTOS = YES_AGGRESSIVE;
				GCC_WARN_UNUSED_FUNCTION = YES;
				GCC_WARN_UNUSED_VARIABLE = YES;
				IPHONEOS_DEPLOYMENT_TARGET = 9.3;
				MTL_ENABLE_DEBUG_INFO = YES;
				ONLY_ACTIVE_ARCH = YES;
				SDKROOT = iphoneos;
			};
			name = Debug;
		};
		A2A4D5041D8EE5140058DAB9 /* Release */ = {
			isa = XCBuildConfiguration;
			buildSettings = {
				ALWAYS_SEARCH_USER_PATHS = NO;
				CLANG_ANALYZER_NONNULL = YES;
				CLANG_CXX_LANGUAGE_STANDARD = "gnu++0x";
				CLANG_CXX_LIBRARY = "libc++";
				CLANG_ENABLE_MODULES = YES;
				CLANG_ENABLE_OBJC_ARC = YES;
				CLANG_WARN_BOOL_CONVERSION = YES;
				CLANG_WARN_CONSTANT_CONVERSION = YES;
				CLANG_WARN_DIRECT_OBJC_ISA_USAGE = YES_ERROR;
				CLANG_WARN_EMPTY_BODY = YES;
				CLANG_WARN_ENUM_CONVERSION = YES;
				CLANG_WARN_INT_CONVERSION = YES;
				CLANG_WARN_OBJC_ROOT_CLASS = YES_ERROR;
				CLANG_WARN_UNREACHABLE_CODE = YES;
				CLANG_WARN__DUPLICATE_METHOD_MATCH = YES;
				"CODE_SIGN_IDENTITY[sdk=iphoneos*]" = "iPhone Developer";
				COPY_PHASE_STRIP = NO;
				DEBUG_INFORMATION_FORMAT = "dwarf-with-dsym";
				ENABLE_NS_ASSERTIONS = NO;
				ENABLE_STRICT_OBJC_MSGSEND = YES;
				GCC_C_LANGUAGE_STANDARD = gnu99;
				GCC_NO_COMMON_BLOCKS = YES;
				GCC_WARN_64_TO_32_BIT_CONVERSION = YES;
				GCC_WARN_ABOUT_RETURN_TYPE = YES_ERROR;
				GCC_WARN_UNDECLARED_SELECTOR = YES;
				GCC_WARN_UNINITIALIZED_AUTOS = YES_AGGRESSIVE;
				GCC_WARN_UNUSED_FUNCTION = YES;
				GCC_WARN_UNUSED_VARIABLE = YES;
				IPHONEOS_DEPLOYMENT_TARGET = 9.3;
				MTL_ENABLE_DEBUG_INFO = NO;
				SDKROOT = iphoneos;
				VALIDATE_PRODUCT = YES;
			};
			name = Release;
		};
		A2A4D5061D8EE5140058DAB9 /* Debug */ = {
			isa = XCBuildConfiguration;
			buildSettings = {
				ASSETCATALOG_COMPILER_APPICON_NAME = AppIcon;
				INFOPLIST_FILE = "iOS-RandomCodes-demo/Info.plist";
				LD_RUNPATH_SEARCH_PATHS = "$(inherited) @executable_path/Frameworks";
				PRODUCT_BUNDLE_IDENTIFIER = "cn.Arvin.iOS-RandomCodes-demo";
				PRODUCT_NAME = "$(TARGET_NAME)";
			};
			name = Debug;
		};
		A2A4D5071D8EE5140058DAB9 /* Release */ = {
			isa = XCBuildConfiguration;
			buildSettings = {
				ASSETCATALOG_COMPILER_APPICON_NAME = AppIcon;
				INFOPLIST_FILE = "iOS-RandomCodes-demo/Info.plist";
				LD_RUNPATH_SEARCH_PATHS = "$(inherited) @executable_path/Frameworks";
				PRODUCT_BUNDLE_IDENTIFIER = "cn.Arvin.iOS-RandomCodes-demo";
				PRODUCT_NAME = "$(TARGET_NAME)";
			};
			name = Release;
		};
/* End XCBuildConfiguration section */

/* Begin XCConfigurationList section */
		A2A4D4E91D8EE5140058DAB9 /* Build configuration list for PBXProject "iOS-RandomCodes-demo" */ = {
			isa = XCConfigurationList;
			buildConfigurations = (
				A2A4D5031D8EE5140058DAB9 /* Debug */,
				A2A4D5041D8EE5140058DAB9 /* Release */,
			);
			defaultConfigurationIsVisible = 0;
			defaultConfigurationName = Release;
		};
		A2A4D5051D8EE5140058DAB9 /* Build configuration list for PBXNativeTarget "iOS-RandomCodes-demo" */ = {
			isa = XCConfigurationList;
			buildConfigurations = (
				A2A4D5061D8EE5140058DAB9 /* Debug */,
				A2A4D5071D8EE5140058DAB9 /* Release */,
			);
			defaultConfigurationIsVisible = 0;
			defaultConfigurationName = Release;
		};
/* End XCConfigurationList section */
	};
	rootObject = A2A4D4E61D8EE5140058DAB9 /* Project object */;
}
